
Microsoft Visual Studio Solution File, Format Version 12.00
# Visual Studio Version 16
VisualStudioVersion = 16.0.32126.315
MinimumVisualStudioVersion = 10.0.40219.1
Project("{9A19103F-16F7-4668-BE54-9A1E7A4F7556}") = "WebENG", "WebENG.csproj", "{5D3BCF19-FB82-4775-98C8-9AD0593BD039}"
EndProject
Project("{9A19103F-16F7-4668-BE54-9A1E7A4F7556}") = "TESTLEAVES", "..\TESTLEAVES\TESTLEAVES.csproj", "{2BE490D5-D64C-4D55-8B61-36EE98D368B1}"
EndProject
Global
	GlobalSection(SolutionConfigurationPlatforms) = preSolution
		Debug|Any CPU = Debug|Any CPU
		Release|Any CPU = Release|Any CPU
	EndGlobalSection
	GlobalSection(ProjectConfigurationPlatforms) = postSolution
		{5D3BCF19-FB82-4775-98C8-9AD0593BD039}.Debug|Any CPU.ActiveCfg = Debug|Any CPU
		{5D3BCF19-FB82-4775-98C8-9AD0593BD039}.Debug|Any CPU.Build.0 = Debug|Any CPU
		{5D3BCF19-FB82-4775-98C8-9AD0593BD039}.Release|Any CPU.ActiveCfg = Release|Any CPU
		{5D3BCF19-FB82-4775-98C8-9AD0593BD039}.Release|Any CPU.Build.0 = Release|Any CPU
		{2BE490D5-D64C-4D55-8B61-36EE98D368B1}.Debug|Any CPU.ActiveCfg = Debug|Any CPU
		{2BE490D5-D64C-4D55-8B61-36EE98D368B1}.Debug|Any CPU.Build.0 = Debug|Any CPU
		{2BE490D5-D64C-4D55-8B61-36EE98D368B1}.Release|Any CPU.ActiveCfg = Release|Any CPU
		{2BE490D5-D64C-4D55-8B61-36EE98D368B1}.Release|Any CPU.Build.0 = Release|Any CPU
	EndGlobalSection
	GlobalSection(SolutionProperties) = preSolution
		HideSolutionNode = FALSE
	EndGlobalSection
	GlobalSection(ExtensibilityGlobals) = postSolution
		SolutionGuid = {42B44AE2-9285-4EFA-A370-705364AD2C3C}
	EndGlobalSection
EndGlobal
